// !$*UTF8*$!
{
	archiveVersion = 1;
	classes = {
	};
	objectVersion = 56;
	objects = {

/* Begin PBXBuildFile section */
		A00024602B0C7E3500925BFD /* FocusScreenViewModel.swift in Sources */ = {isa = PBXBuildFile; fileRef = A000245F2B0C7E3500925BFD /* FocusScreenViewModel.swift */; };
		A00024632B0CAFCC00925BFD /* K.swift in Sources */ = {isa = PBXBuildFile; fileRef = A00024622B0CAFCC00925BFD /* K.swift */; };
		A00EE9052AFE9F65004A004E /* TimeLineView.swift in Sources */ = {isa = PBXBuildFile; fileRef = A00EE9042AFE9F65004A004E /* TimeLineView.swift */; };
		A00EE9082AFEAD2F004A004E /* AddRoutineSheet.swift in Sources */ = {isa = PBXBuildFile; fileRef = A00EE9072AFEAD2F004A004E /* AddRoutineSheet.swift */; };
		A023EB892B054DD700608572 /* Routine.swift in Sources */ = {isa = PBXBuildFile; fileRef = A023EB882B054DD700608572 /* Routine.swift */; };
		A0265B352AFF2EA400A29C25 /* IconContainerView.swift in Sources */ = {isa = PBXBuildFile; fileRef = A0265B342AFF2EA400A29C25 /* IconContainerView.swift */; };
		A043CFD22B1493070046ECBA /* Localizable.xcstrings in Resources */ = {isa = PBXBuildFile; fileRef = A043CFD12B1493070046ECBA /* Localizable.xcstrings */; };
		A06A5A9D2AFE610C00AD0907 /* DayCraftApp.swift in Sources */ = {isa = PBXBuildFile; fileRef = A06A5A9C2AFE610C00AD0907 /* DayCraftApp.swift */; };
		A06A5A9F2AFE610C00AD0907 /* FocusScreen.swift in Sources */ = {isa = PBXBuildFile; fileRef = A06A5A9E2AFE610C00AD0907 /* FocusScreen.swift */; };
		A06A5AA12AFE610D00AD0907 /* Assets.xcassets in Resources */ = {isa = PBXBuildFile; fileRef = A06A5AA02AFE610D00AD0907 /* Assets.xcassets */; };
		A06A5AA42AFE610D00AD0907 /* Preview Assets.xcassets in Resources */ = {isa = PBXBuildFile; fileRef = A06A5AA32AFE610D00AD0907 /* Preview Assets.xcassets */; };
		A08A69532AFE85BB00F26990 /* RoutineScreen.swift in Sources */ = {isa = PBXBuildFile; fileRef = A08A69522AFE85BB00F26990 /* RoutineScreen.swift */; };
		A08A695C2AFE987100F26990 /* DCButtonLabel.swift in Sources */ = {isa = PBXBuildFile; fileRef = A08A695B2AFE987100F26990 /* DCButtonLabel.swift */; };
		A08A695F2AFE991000F26990 /* DCCard.swift in Sources */ = {isa = PBXBuildFile; fileRef = A08A695E2AFE991000F26990 /* DCCard.swift */; };
		A08E381A2B0F86B3005B0D2D /* CloudKit.framework in Frameworks */ = {isa = PBXBuildFile; fileRef = A08E38122B0F85CB005B0D2D /* CloudKit.framework */; };
		A0ECB3AE2B075ABF007E343E /* EditRoutineSheet.swift in Sources */ = {isa = PBXBuildFile; fileRef = A0ECB3AD2B075ABF007E343E /* EditRoutineSheet.swift */; };
		A0ECB3B02B0770E1007E343E /* Routine+Ext.swift in Sources */ = {isa = PBXBuildFile; fileRef = A0ECB3AF2B0770E1007E343E /* Routine+Ext.swift */; };
		A0ECB3B42B07715D007E343E /* Enums.swift in Sources */ = {isa = PBXBuildFile; fileRef = A0ECB3B32B07715D007E343E /* Enums.swift */; };
		A0ECB3B62B07C63B007E343E /* Date+Ext.swift in Sources */ = {isa = PBXBuildFile; fileRef = A0ECB3B52B07C63B007E343E /* Date+Ext.swift */; };
/* End PBXBuildFile section */

/* Begin PBXFileReference section */
		A000245F2B0C7E3500925BFD /* FocusScreenViewModel.swift */ = {isa = PBXFileReference; lastKnownFileType = sourcecode.swift; path = FocusScreenViewModel.swift; sourceTree = "<group>"; };
		A00024622B0CAFCC00925BFD /* K.swift */ = {isa = PBXFileReference; lastKnownFileType = sourcecode.swift; path = K.swift; sourceTree = "<group>"; };
		A00EE9042AFE9F65004A004E /* TimeLineView.swift */ = {isa = PBXFileReference; lastKnownFileType = sourcecode.swift; path = TimeLineView.swift; sourceTree = "<group>"; };
		A00EE9072AFEAD2F004A004E /* AddRoutineSheet.swift */ = {isa = PBXFileReference; lastKnownFileType = sourcecode.swift; path = AddRoutineSheet.swift; sourceTree = "<group>"; };
		A023EB882B054DD700608572 /* Routine.swift */ = {isa = PBXFileReference; lastKnownFileType = sourcecode.swift; path = Routine.swift; sourceTree = "<group>"; };
		A0265B342AFF2EA400A29C25 /* IconContainerView.swift */ = {isa = PBXFileReference; lastKnownFileType = sourcecode.swift; path = IconContainerView.swift; sourceTree = "<group>"; };
		A043CFD12B1493070046ECBA /* Localizable.xcstrings */ = {isa = PBXFileReference; lastKnownFileType = text.json.xcstrings; path = Localizable.xcstrings; sourceTree = "<group>"; };
		A06A5A992AFE610C00AD0907 /* DayCraft.app */ = {isa = PBXFileReference; explicitFileType = wrapper.application; includeInIndex = 0; path = DayCraft.app; sourceTree = BUILT_PRODUCTS_DIR; };
		A06A5A9C2AFE610C00AD0907 /* DayCraftApp.swift */ = {isa = PBXFileReference; lastKnownFileType = sourcecode.swift; path = DayCraftApp.swift; sourceTree = "<group>"; };
		A06A5A9E2AFE610C00AD0907 /* FocusScreen.swift */ = {isa = PBXFileReference; lastKnownFileType = sourcecode.swift; path = FocusScreen.swift; sourceTree = "<group>"; };
		A06A5AA02AFE610D00AD0907 /* Assets.xcassets */ = {isa = PBXFileReference; lastKnownFileType = folder.assetcatalog; path = Assets.xcassets; sourceTree = "<group>"; };
		A06A5AA32AFE610D00AD0907 /* Preview Assets.xcassets */ = {isa = PBXFileReference; lastKnownFileType = folder.assetcatalog; path = "Preview Assets.xcassets"; sourceTree = "<group>"; };
		A08A69522AFE85BB00F26990 /* RoutineScreen.swift */ = {isa = PBXFileReference; lastKnownFileType = sourcecode.swift; path = RoutineScreen.swift; sourceTree = "<group>"; };
		A08A695B2AFE987100F26990 /* DCButtonLabel.swift */ = {isa = PBXFileReference; lastKnownFileType = sourcecode.swift; path = DCButtonLabel.swift; sourceTree = "<group>"; };
		A08A695E2AFE991000F26990 /* DCCard.swift */ = {isa = PBXFileReference; lastKnownFileType = sourcecode.swift; path = DCCard.swift; sourceTree = "<group>"; };
		A08E380F2B0F81F7005B0D2D /* DayCraft.entitlements */ = {isa = PBXFileReference; lastKnownFileType = text.plist.entitlements; path = DayCraft.entitlements; sourceTree = "<group>"; };
		A08E38102B0F8237005B0D2D /* Info.plist */ = {isa = PBXFileReference; lastKnownFileType = text.plist.xml; path = Info.plist; sourceTree = "<group>"; };
		A08E38122B0F85CB005B0D2D /* CloudKit.framework */ = {isa = PBXFileReference; lastKnownFileType = wrapper.framework; name = CloudKit.framework; path = System/Library/Frameworks/CloudKit.framework; sourceTree = SDKROOT; };
		A0ECB3AD2B075ABF007E343E /* EditRoutineSheet.swift */ = {isa = PBXFileReference; lastKnownFileType = sourcecode.swift; path = EditRoutineSheet.swift; sourceTree = "<group>"; };
		A0ECB3AF2B0770E1007E343E /* Routine+Ext.swift */ = {isa = PBXFileReference; lastKnownFileType = sourcecode.swift; path = "Routine+Ext.swift"; sourceTree = "<group>"; };
		A0ECB3B32B07715D007E343E /* Enums.swift */ = {isa = PBXFileReference; lastKnownFileType = sourcecode.swift; path = Enums.swift; sourceTree = "<group>"; };
		A0ECB3B52B07C63B007E343E /* Date+Ext.swift */ = {isa = PBXFileReference; lastKnownFileType = sourcecode.swift; path = "Date+Ext.swift"; sourceTree = "<group>"; };
/* End PBXFileReference section */

/* Begin PBXFrameworksBuildPhase section */
		A06A5A962AFE610C00AD0907 /* Frameworks */ = {
			isa = PBXFrameworksBuildPhase;
			buildActionMask = 2147483647;
			files = (
				A08E381A2B0F86B3005B0D2D /* CloudKit.framework in Frameworks */,
			);
			runOnlyForDeploymentPostprocessing = 0;
		};
/* End PBXFrameworksBuildPhase section */

/* Begin PBXGroup section */
		A00024612B0CAFBF00925BFD /* Constants */ = {
			isa = PBXGroup;
			children = (
				A00024622B0CAFCC00925BFD /* K.swift */,
			);
			path = Constants;
			sourceTree = "<group>";
		};
		A00EE9032AFE9F45004A004E /* Views */ = {
			isa = PBXGroup;
			children = (
				A00EE9042AFE9F65004A004E /* TimeLineView.swift */,
				A0265B342AFF2EA400A29C25 /* IconContainerView.swift */,
			);
			path = Views;
			sourceTree = "<group>";
		};
		A00EE9062AFEAD19004A004E /* Sheets */ = {
			isa = PBXGroup;
			children = (
				A00EE9072AFEAD2F004A004E /* AddRoutineSheet.swift */,
				A0ECB3AD2B075ABF007E343E /* EditRoutineSheet.swift */,
			);
			path = Sheets;
			sourceTree = "<group>";
		};
		A023EB872B054DC800608572 /* Models */ = {
			isa = PBXGroup;
			children = (
				A023EB882B054DD700608572 /* Routine.swift */,
			);
			path = Models;
			sourceTree = "<group>";
		};
		A06A5A902AFE610C00AD0907 = {
			isa = PBXGroup;
			children = (
				A043CFD12B1493070046ECBA /* Localizable.xcstrings */,
				A06A5A9B2AFE610C00AD0907 /* DayCraft */,
				A06A5A9A2AFE610C00AD0907 /* Products */,
				A08E38112B0F85CB005B0D2D /* Frameworks */,
			);
			sourceTree = "<group>";
		};
		A06A5A9A2AFE610C00AD0907 /* Products */ = {
			isa = PBXGroup;
			children = (
				A06A5A992AFE610C00AD0907 /* DayCraft.app */,
			);
			name = Products;
			sourceTree = "<group>";
		};
		A06A5A9B2AFE610C00AD0907 /* DayCraft */ = {
			isa = PBXGroup;
			children = (
				A08E38102B0F8237005B0D2D /* Info.plist */,
				A08E380F2B0F81F7005B0D2D /* DayCraft.entitlements */,
				A023EB872B054DC800608572 /* Models */,
				A08A69582AFE984400F26990 /* Screens */,
				A08A69592AFE984D00F26990 /* Views */,
				A0ECB3AA2B07429A007E343E /* Utils */,
				A06A5A9C2AFE610C00AD0907 /* DayCraftApp.swift */,
				A06A5AA02AFE610D00AD0907 /* Assets.xcassets */,
				A06A5AA22AFE610D00AD0907 /* Preview Content */,
			);
			path = DayCraft;
			sourceTree = "<group>";
		};
		A06A5AA22AFE610D00AD0907 /* Preview Content */ = {
			isa = PBXGroup;
			children = (
				A06A5AA32AFE610D00AD0907 /* Preview Assets.xcassets */,
			);
			path = "Preview Content";
			sourceTree = "<group>";
		};
		A08A69582AFE984400F26990 /* Screens */ = {
			isa = PBXGroup;
			children = (
				A08A69602AFE992E00F26990 /* FocusScreen */,
				A08A69612AFE993700F26990 /* RoutineScren */,
			);
			path = Screens;
			sourceTree = "<group>";
		};
		A08A69592AFE984D00F26990 /* Views */ = {
			isa = PBXGroup;
			children = (
				A00EE9062AFEAD19004A004E /* Sheets */,
				A00EE9032AFE9F45004A004E /* Views */,
				A08A695D2AFE990500F26990 /* Cards */,
				A08A695A2AFE985200F26990 /* ButtonLabels */,
			);
			path = Views;
			sourceTree = "<group>";
		};
		A08A695A2AFE985200F26990 /* ButtonLabels */ = {
			isa = PBXGroup;
			children = (
				A08A695B2AFE987100F26990 /* DCButtonLabel.swift */,
			);
			path = ButtonLabels;
			sourceTree = "<group>";
		};
		A08A695D2AFE990500F26990 /* Cards */ = {
			isa = PBXGroup;
			children = (
				A08A695E2AFE991000F26990 /* DCCard.swift */,
			);
			path = Cards;
			sourceTree = "<group>";
		};
		A08A69602AFE992E00F26990 /* FocusScreen */ = {
			isa = PBXGroup;
			children = (
				A06A5A9E2AFE610C00AD0907 /* FocusScreen.swift */,
				A000245F2B0C7E3500925BFD /* FocusScreenViewModel.swift */,
			);
			path = FocusScreen;
			sourceTree = "<group>";
		};
		A08A69612AFE993700F26990 /* RoutineScren */ = {
			isa = PBXGroup;
			children = (
				A08A69522AFE85BB00F26990 /* RoutineScreen.swift */,
			);
			path = RoutineScren;
			sourceTree = "<group>";
		};
		A08E38112B0F85CB005B0D2D /* Frameworks */ = {
			isa = PBXGroup;
			children = (
				A08E38122B0F85CB005B0D2D /* CloudKit.framework */,
			);
			name = Frameworks;
			sourceTree = "<group>";
		};
		A0ECB3AA2B07429A007E343E /* Utils */ = {
			isa = PBXGroup;
			children = (
				A00024612B0CAFBF00925BFD /* Constants */,
				A0ECB3B22B07714F007E343E /* Enums */,
				A0ECB3B12B077121007E343E /* Extensions */,
			);
			path = Utils;
			sourceTree = "<group>";
		};
		A0ECB3B12B077121007E343E /* Extensions */ = {
			isa = PBXGroup;
			children = (
				A0ECB3AF2B0770E1007E343E /* Routine+Ext.swift */,
				A0ECB3B52B07C63B007E343E /* Date+Ext.swift */,
			);
			path = Extensions;
			sourceTree = "<group>";
		};
		A0ECB3B22B07714F007E343E /* Enums */ = {
			isa = PBXGroup;
			children = (
				A0ECB3B32B07715D007E343E /* Enums.swift */,
			);
			path = Enums;
			sourceTree = "<group>";
		};
/* End PBXGroup section */

/* Begin PBXNativeTarget section */
		A06A5A982AFE610C00AD0907 /* DayCraft */ = {
			isa = PBXNativeTarget;
			buildConfigurationList = A06A5AA72AFE610D00AD0907 /* Build configuration list for PBXNativeTarget "DayCraft" */;
			buildPhases = (
				A06A5A952AFE610C00AD0907 /* Sources */,
				A06A5A962AFE610C00AD0907 /* Frameworks */,
				A06A5A972AFE610C00AD0907 /* Resources */,
			);
			buildRules = (
			);
			dependencies = (
			);
			name = DayCraft;
			productName = DayCraft;
			productReference = A06A5A992AFE610C00AD0907 /* DayCraft.app */;
			productType = "com.apple.product-type.application";
		};
/* End PBXNativeTarget section */

/* Begin PBXProject section */
		A06A5A912AFE610C00AD0907 /* Project object */ = {
			isa = PBXProject;
			attributes = {
				BuildIndependentTargetsInParallel = 1;
				LastSwiftUpdateCheck = 1500;
				LastUpgradeCheck = 1500;
				TargetAttributes = {
					A06A5A982AFE610C00AD0907 = {
						CreatedOnToolsVersion = 15.0.1;
					};
				};
			};
			buildConfigurationList = A06A5A942AFE610C00AD0907 /* Build configuration list for PBXProject "DayCraft" */;
			compatibilityVersion = "Xcode 14.0";
			developmentRegion = en;
			hasScannedForEncodings = 0;
			knownRegions = (
				en,
				Base,
				de,
				es,
				vi,
				ar,
			);
			mainGroup = A06A5A902AFE610C00AD0907;
			productRefGroup = A06A5A9A2AFE610C00AD0907 /* Products */;
			projectDirPath = "";
			projectRoot = "";
			targets = (
				A06A5A982AFE610C00AD0907 /* DayCraft */,
			);
		};
/* End PBXProject section */

/* Begin PBXResourcesBuildPhase section */
		A06A5A972AFE610C00AD0907 /* Resources */ = {
			isa = PBXResourcesBuildPhase;
			buildActionMask = 2147483647;
			files = (
				A06A5AA42AFE610D00AD0907 /* Preview Assets.xcassets in Resources */,
				A06A5AA12AFE610D00AD0907 /* Assets.xcassets in Resources */,
				A043CFD22B1493070046ECBA /* Localizable.xcstrings in Resources */,
			);
			runOnlyForDeploymentPostprocessing = 0;
		};
/* End PBXResourcesBuildPhase section */

/* Begin PBXSourcesBuildPhase section */
		A06A5A952AFE610C00AD0907 /* Sources */ = {
			isa = PBXSourcesBuildPhase;
			buildActionMask = 2147483647;
			files = (
				A00EE9082AFEAD2F004A004E /* AddRoutineSheet.swift in Sources */,
				A06A5A9F2AFE610C00AD0907 /* FocusScreen.swift in Sources */,
				A0ECB3B62B07C63B007E343E /* Date+Ext.swift in Sources */,
				A0ECB3AE2B075ABF007E343E /* EditRoutineSheet.swift in Sources */,
				A00EE9052AFE9F65004A004E /* TimeLineView.swift in Sources */,
				A08A695C2AFE987100F26990 /* DCButtonLabel.swift in Sources */,
				A00024632B0CAFCC00925BFD /* K.swift in Sources */,
				A08A695F2AFE991000F26990 /* DCCard.swift in Sources */,
				A0ECB3B02B0770E1007E343E /* Routine+Ext.swift in Sources */,
				A023EB892B054DD700608572 /* Routine.swift in Sources */,
				A00024602B0C7E3500925BFD /* FocusScreenViewModel.swift in Sources */,
				A0265B352AFF2EA400A29C25 /* IconContainerView.swift in Sources */,
				A08A69532AFE85BB00F26990 /* RoutineScreen.swift in Sources */,
				A0ECB3B42B07715D007E343E /* Enums.swift in Sources */,
				A06A5A9D2AFE610C00AD0907 /* DayCraftApp.swift in Sources */,
			);
			runOnlyForDeploymentPostprocessing = 0;
		};
/* End PBXSourcesBuildPhase section */

/* Begin XCBuildConfiguration section */
		A06A5AA52AFE610D00AD0907 /* Debug */ = {
			isa = XCBuildConfiguration;
			buildSettings = {
				ALWAYS_SEARCH_USER_PATHS = NO;
				ASSETCATALOG_COMPILER_GENERATE_SWIFT_ASSET_SYMBOL_EXTENSIONS = YES;
				CLANG_ANALYZER_NONNULL = YES;
				CLANG_ANALYZER_NUMBER_OBJECT_CONVERSION = YES_AGGRESSIVE;
				CLANG_CXX_LANGUAGE_STANDARD = "gnu++20";
				CLANG_ENABLE_MODULES = YES;
				CLANG_ENABLE_OBJC_ARC = YES;
				CLANG_ENABLE_OBJC_WEAK = YES;
				CLANG_WARN_BLOCK_CAPTURE_AUTORELEASING = YES;
				CLANG_WARN_BOOL_CONVERSION = YES;
				CLANG_WARN_COMMA = YES;
				CLANG_WARN_CONSTANT_CONVERSION = YES;
				CLANG_WARN_DEPRECATED_OBJC_IMPLEMENTATIONS = YES;
				CLANG_WARN_DIRECT_OBJC_ISA_USAGE = YES_ERROR;
				CLANG_WARN_DOCUMENTATION_COMMENTS = YES;
				CLANG_WARN_EMPTY_BODY = YES;
				CLANG_WARN_ENUM_CONVERSION = YES;
				CLANG_WARN_INFINITE_RECURSION = YES;
				CLANG_WARN_INT_CONVERSION = YES;
				CLANG_WARN_NON_LITERAL_NULL_CONVERSION = YES;
				CLANG_WARN_OBJC_IMPLICIT_RETAIN_SELF = YES;
				CLANG_WARN_OBJC_LITERAL_CONVERSION = YES;
				CLANG_WARN_OBJC_ROOT_CLASS = YES_ERROR;
				CLANG_WARN_QUOTED_INCLUDE_IN_FRAMEWORK_HEADER = YES;
				CLANG_WARN_RANGE_LOOP_ANALYSIS = YES;
				CLANG_WARN_STRICT_PROTOTYPES = YES;
				CLANG_WARN_SUSPICIOUS_MOVE = YES;
				CLANG_WARN_UNGUARDED_AVAILABILITY = YES_AGGRESSIVE;
				CLANG_WARN_UNREACHABLE_CODE = YES;
				CLANG_WARN__DUPLICATE_METHOD_MATCH = YES;
				COPY_PHASE_STRIP = NO;
				DEBUG_INFORMATION_FORMAT = dwarf;
				ENABLE_STRICT_OBJC_MSGSEND = YES;
				ENABLE_TESTABILITY = YES;
				ENABLE_USER_SCRIPT_SANDBOXING = YES;
				GCC_C_LANGUAGE_STANDARD = gnu17;
				GCC_DYNAMIC_NO_PIC = NO;
				GCC_NO_COMMON_BLOCKS = YES;
				GCC_OPTIMIZATION_LEVEL = 0;
				GCC_PREPROCESSOR_DEFINITIONS = (
					"DEBUG=1",
					"$(inherited)",
				);
				GCC_WARN_64_TO_32_BIT_CONVERSION = YES;
				GCC_WARN_ABOUT_RETURN_TYPE = YES_ERROR;
				GCC_WARN_UNDECLARED_SELECTOR = YES;
				GCC_WARN_UNINITIALIZED_AUTOS = YES_AGGRESSIVE;
				GCC_WARN_UNUSED_FUNCTION = YES;
				GCC_WARN_UNUSED_VARIABLE = YES;
				IPHONEOS_DEPLOYMENT_TARGET = 17.0;
				LOCALIZATION_PREFERS_STRING_CATALOGS = YES;
				MTL_ENABLE_DEBUG_INFO = INCLUDE_SOURCE;
				MTL_FAST_MATH = YES;
				ONLY_ACTIVE_ARCH = YES;
				SDKROOT = iphoneos;
				SWIFT_ACTIVE_COMPILATION_CONDITIONS = "DEBUG $(inherited)";
				SWIFT_OPTIMIZATION_LEVEL = "-Onone";
			};
			name = Debug;
		};
		A06A5AA62AFE610D00AD0907 /* Release */ = {
			isa = XCBuildConfiguration;
			buildSettings = {
				ALWAYS_SEARCH_USER_PATHS = NO;
				ASSETCATALOG_COMPILER_GENERATE_SWIFT_ASSET_SYMBOL_EXTENSIONS = YES;
				CLANG_ANALYZER_NONNULL = YES;
				CLANG_ANALYZER_NUMBER_OBJECT_CONVERSION = YES_AGGRESSIVE;
				CLANG_CXX_LANGUAGE_STANDARD = "gnu++20";
				CLANG_ENABLE_MODULES = YES;
				CLANG_ENABLE_OBJC_ARC = YES;
				CLANG_ENABLE_OBJC_WEAK = YES;
				CLANG_WARN_BLOCK_CAPTURE_AUTORELEASING = YES;
				CLANG_WARN_BOOL_CONVERSION = YES;
				CLANG_WARN_COMMA = YES;
				CLANG_WARN_CONSTANT_CONVERSION = YES;
				CLANG_WARN_DEPRECATED_OBJC_IMPLEMENTATIONS = YES;
				CLANG_WARN_DIRECT_OBJC_ISA_USAGE = YES_ERROR;
				CLANG_WARN_DOCUMENTATION_COMMENTS = YES;
				CLANG_WARN_EMPTY_BODY = YES;
				CLANG_WARN_ENUM_CONVERSION = YES;
				CLANG_WARN_INFINITE_RECURSION = YES;
				CLANG_WARN_INT_CONVERSION = YES;
				CLANG_WARN_NON_LITERAL_NULL_CONVERSION = YES;
				CLANG_WARN_OBJC_IMPLICIT_RETAIN_SELF = YES;
				CLANG_WARN_OBJC_LITERAL_CONVERSION = YES;
				CLANG_WARN_OBJC_ROOT_CLASS = YES_ERROR;
				CLANG_WARN_QUOTED_INCLUDE_IN_FRAMEWORK_HEADER = YES;
				CLANG_WARN_RANGE_LOOP_ANALYSIS = YES;
				CLANG_WARN_STRICT_PROTOTYPES = YES;
				CLANG_WARN_SUSPICIOUS_MOVE = YES;
				CLANG_WARN_UNGUARDED_AVAILABILITY = YES_AGGRESSIVE;
				CLANG_WARN_UNREACHABLE_CODE = YES;
				CLANG_WARN__DUPLICATE_METHOD_MATCH = YES;
				COPY_PHASE_STRIP = NO;
				DEBUG_INFORMATION_FORMAT = "dwarf-with-dsym";
				ENABLE_NS_ASSERTIONS = NO;
				ENABLE_STRICT_OBJC_MSGSEND = YES;
				ENABLE_USER_SCRIPT_SANDBOXING = YES;
				GCC_C_LANGUAGE_STANDARD = gnu17;
				GCC_NO_COMMON_BLOCKS = YES;
				GCC_WARN_64_TO_32_BIT_CONVERSION = YES;
				GCC_WARN_ABOUT_RETURN_TYPE = YES_ERROR;
				GCC_WARN_UNDECLARED_SELECTOR = YES;
				GCC_WARN_UNINITIALIZED_AUTOS = YES_AGGRESSIVE;
				GCC_WARN_UNUSED_FUNCTION = YES;
				GCC_WARN_UNUSED_VARIABLE = YES;
				IPHONEOS_DEPLOYMENT_TARGET = 17.0;
				LOCALIZATION_PREFERS_STRING_CATALOGS = YES;
				MTL_ENABLE_DEBUG_INFO = NO;
				MTL_FAST_MATH = YES;
				SDKROOT = iphoneos;
				SWIFT_COMPILATION_MODE = wholemodule;
				VALIDATE_PRODUCT = YES;
			};
			name = Release;
		};
		A06A5AA82AFE610D00AD0907 /* Debug */ = {
			isa = XCBuildConfiguration;
			buildSettings = {
				ASSETCATALOG_COMPILER_APPICON_NAME = AppIcon;
				ASSETCATALOG_COMPILER_GLOBAL_ACCENT_COLOR_NAME = AccentColor;
				CODE_SIGN_ENTITLEMENTS = DayCraft/DayCraft.entitlements;
				CODE_SIGN_STYLE = Automatic;
				CURRENT_PROJECT_VERSION = 6;
				DEVELOPMENT_ASSET_PATHS = "\"DayCraft/Preview Content\"";
				DEVELOPMENT_TEAM = 255Q572H86;
				ENABLE_PREVIEWS = YES;
				GENERATE_INFOPLIST_FILE = YES;
				INFOPLIST_FILE = DayCraft/Info.plist;
				INFOPLIST_KEY_LSApplicationCategoryType = "public.app-category.productivity";
				INFOPLIST_KEY_UIApplicationSceneManifest_Generation = YES;
				INFOPLIST_KEY_UIApplicationSupportsIndirectInputEvents = YES;
				INFOPLIST_KEY_UILaunchScreen_Generation = YES;
				INFOPLIST_KEY_UISupportedInterfaceOrientations_iPad = "UIInterfaceOrientationPortrait UIInterfaceOrientationPortraitUpsideDown UIInterfaceOrientationLandscapeLeft UIInterfaceOrientationLandscapeRight";
				INFOPLIST_KEY_UISupportedInterfaceOrientations_iPhone = "UIInterfaceOrientationPortrait UIInterfaceOrientationLandscapeLeft UIInterfaceOrientationLandscapeRight";
				LD_RUNPATH_SEARCH_PATHS = (
					"$(inherited)",
					"@executable_path/Frameworks",
				);
				MARKETING_VERSION = 1.6;
				PRODUCT_BUNDLE_IDENTIFIER = com.nihalismail.DayCraft;
				PRODUCT_NAME = "$(TARGET_NAME)";
				SWIFT_EMIT_LOC_STRINGS = YES;
				SWIFT_VERSION = 5.0;
				TARGETED_DEVICE_FAMILY = "1,2";
			};
			name = Debug;
		};
		A06A5AA92AFE610D00AD0907 /* Release */ = {
			isa = XCBuildConfiguration;
			buildSettings = {
				ASSETCATALOG_COMPILER_APPICON_NAME = AppIcon;
				ASSETCATALOG_COMPILER_GLOBAL_ACCENT_COLOR_NAME = AccentColor;
				CODE_SIGN_ENTITLEMENTS = DayCraft/DayCraft.entitlements;
				CODE_SIGN_STYLE = Automatic;
				CURRENT_PROJECT_VERSION = 6;
				DEVELOPMENT_ASSET_PATHS = "\"DayCraft/Preview Content\"";
				DEVELOPMENT_TEAM = 255Q572H86;
				ENABLE_PREVIEWS = YES;
				GENERATE_INFOPLIST_FILE = YES;
				INFOPLIST_FILE = DayCraft/Info.plist;
				INFOPLIST_KEY_LSApplicationCategoryType = "public.app-category.productivity";
				INFOPLIST_KEY_UIApplicationSceneManifest_Generation = YES;
				INFOPLIST_KEY_UIApplicationSupportsIndirectInputEvents = YES;
				INFOPLIST_KEY_UILaunchScreen_Generation = YES;
				INFOPLIST_KEY_UISupportedInterfaceOrientations_iPad = "UIInterfaceOrientationPortrait UIInterfaceOrientationPortraitUpsideDown UIInterfaceOrientationLandscapeLeft UIInterfaceOrientationLandscapeRight";
				INFOPLIST_KEY_UISupportedInterfaceOrientations_iPhone = "UIInterfaceOrientationPortrait UIInterfaceOrientationLandscapeLeft UIInterfaceOrientationLandscapeRight";
				LD_RUNPATH_SEARCH_PATHS = (
					"$(inherited)",
					"@executable_path/Frameworks",
				);
				MARKETING_VERSION = 1.6;
				PRODUCT_BUNDLE_IDENTIFIER = com.nihalismail.DayCraft;
				PRODUCT_NAME = "$(TARGET_NAME)";
				SWIFT_EMIT_LOC_STRINGS = YES;
				SWIFT_VERSION = 5.0;
				TARGETED_DEVICE_FAMILY = "1,2";
			};
			name = Release;
		};
/* End XCBuildConfiguration section */

/* Begin XCConfigurationList section */
		A06A5A942AFE610C00AD0907 /* Build configuration list for PBXProject "DayCraft" */ = {
			isa = XCConfigurationList;
			buildConfigurations = (
				A06A5AA52AFE610D00AD0907 /* Debug */,
				A06A5AA62AFE610D00AD0907 /* Release */,
			);
			defaultConfigurationIsVisible = 0;
			defaultConfigurationName = Release;
		};
		A06A5AA72AFE610D00AD0907 /* Build configuration list for PBXNativeTarget "DayCraft" */ = {
			isa = XCConfigurationList;
			buildConfigurations = (
				A06A5AA82AFE610D00AD0907 /* Debug */,
				A06A5AA92AFE610D00AD0907 /* Release */,
			);
			defaultConfigurationIsVisible = 0;
			defaultConfigurationName = Release;
		};
/* End XCConfigurationList section */
	};
	rootObject = A06A5A912AFE610C00AD0907 /* Project object */;
}
